[[package]]
name = "src20"
version = "0.8.0"
source = "registry+src20?0.8.0#QmSwYjybtdvSF3Ey9RncVUUaFaWsizSBNgAtY9JoyaAHvh!"
dependencies = ["std"]

[[package]]
name = "src3"
version = "0.8.0"
source = "registry+src3?0.8.0#QmWZt1NRQHid4p5cmFMG11n1tnRfNSgWGXUWDgojt9hjzs!"
dependencies = ["std"]

[[package]]
name = "src5"
version = "0.8.0"
source = "registry+src5?0.8.0#QmNRPZrPHFBiEAyWPU8gesdPsD2zb3cMKwEgxJwV1ZEjyD!"
dependencies = ["std"]

[[package]]
name = "std"
version = "0.68.9"
source = "registry+std?0.68.9#QmUaBxMs2JvY1bXgRCdeCsG3o6TN82ftRgv4Tq7ytqUGUT!"

[[package]]
name = "swaypad"
source = "member"
dependencies = [
    "src20",
    "src3",
    "src5",
    "std",
]
